
Microsoft Visual Studio Solution File, Format Version 12.00
# Visual Studio 2012
Project("{FAE04EC0-301F-11D3-BF4B-00C04F79EFBC}") = "ContosoUniversity", "ContosoUniversity\ContosoUniversity.csproj", "{05580068-EF0B-40A2-A5C2-28FEBFBC29CC}"
EndProject
Global
	GlobalSection(SolutionConfigurationPlatforms) = preSolution
		Debug|Any CPU = Debug|Any CPU
		Release|Any CPU = Release|Any CPU
	EndGlobalSection
	GlobalSection(ProjectConfigurationPlatforms) = postSolution
		{05580068-EF0B-40A2-A5C2-28FEBFBC29CC}.Debug|Any CPU.ActiveCfg = Debug|Any CPU
		{05580068-EF0B-40A2-A5C2-28FEBFBC29CC}.Debug|Any CPU.Build.0 = Debug|Any CPU
		{05580068-EF0B-40A2-A5C2-28FEBFBC29CC}.Release|Any CPU.ActiveCfg = Release|Any CPU
		{05580068-EF0B-40A2-A5C2-28FEBFBC29CC}.Release|Any CPU.Build.0 = Release|Any CPU
	EndGlobalSection
EndGlobal
